
Microsoft Visual Studio Solution File, Format Version 12.00
# Visual Studio Version 16
VisualStudioVersion = 16.0.808.1
MinimumVisualStudioVersion = 10.0.40219.1
Project("{FAE04EC0-301F-11D3-BF4B-00C04F79EFBC}") = "PollUp.Api", "PollUp.Api\PollUp.Api.csproj", "{87F5C52C-66E0-4E8A-9F70-BCE4482F6CC6}"
EndProject
Global
	GlobalSection(SolutionConfigurationPlatforms) = preSolution
		Debug|Any CPU = Debug|Any CPU
		Release|Any CPU = Release|Any CPU
	EndGlobalSection
	GlobalSection(ProjectConfigurationPlatforms) = postSolution
		{87F5C52C-66E0-4E8A-9F70-BCE4482F6CC6}.Debug|Any CPU.ActiveCfg = Debug|Any CPU
		{87F5C52C-66E0-4E8A-9F70-BCE4482F6CC6}.Debug|Any CPU.Build.0 = Debug|Any CPU
		{87F5C52C-66E0-4E8A-9F70-BCE4482F6CC6}.Release|Any CPU.ActiveCfg = Release|Any CPU
		{87F5C52C-66E0-4E8A-9F70-BCE4482F6CC6}.Release|Any CPU.Build.0 = Release|Any CPU
	EndGlobalSection
	GlobalSection(SolutionProperties) = preSolution
		HideSolutionNode = FALSE
	EndGlobalSection
	GlobalSection(ExtensibilityGlobals) = postSolution
		SolutionGuid = {F3A36E82-D3EF-4EFC-95C7-93092A3D2536}
	EndGlobalSection
EndGlobal
